
Microsoft Visual Studio Solution File, Format Version 12.00
# Visual Studio Version 17
VisualStudioVersion = 17.14.37027.9 d17.14
MinimumVisualStudioVersion = 10.0.40219.1
Project("{8BC9CEB8-8B4A-11D0-8D11-00A0C91BC942}") = "haiSaVedemGraf2", "haiSaVedemGraf2\haiSaVedemGraf2.vcxproj", "{AA39F4AF-B0D9-49CA-94B7-784AE67A9BA8}"
EndProject
Global
	GlobalSection(SolutionConfigurationPlatforms) = preSolution
		Debug|x64 = Debug|x64
		Debug|x86 = Debug|x86
		Release|x64 = Release|x64
		Release|x86 = Release|x86
	EndGlobalSection
	GlobalSection(ProjectConfigurationPlatforms) = postSolution
		{AA39F4AF-B0D9-49CA-94B7-784AE67A9BA8}.Debug|x64.ActiveCfg = Debug|x64
		{AA39F4AF-B0D9-49CA-94B7-784AE67A9BA8}.Debug|x64.Build.0 = Debug|x64
		{AA39F4AF-B0D9-49CA-94B7-784AE67A9BA8}.Debug|x86.ActiveCfg = Debug|Win32
		{AA39F4AF-B0D9-49CA-94B7-784AE67A9BA8}.Debug|x86.Build.0 = Debug|Win32
		{AA39F4AF-B0D9-49CA-94B7-784AE67A9BA8}.Release|x64.ActiveCfg = Release|x64
		{AA39F4AF-B0D9-49CA-94B7-784AE67A9BA8}.Release|x64.Build.0 = Release|x64
		{AA39F4AF-B0D9-49CA-94B7-784AE67A9BA8}.Release|x86.ActiveCfg = Release|Win32
		{AA39F4AF-B0D9-49CA-94B7-784AE67A9BA8}.Release|x86.Build.0 = Release|Win32
	EndGlobalSection
	GlobalSection(SolutionProperties) = preSolution
		HideSolutionNode = FALSE
	EndGlobalSection
	GlobalSection(ExtensibilityGlobals) = postSolution
		SolutionGuid = {90646DD7-4DAE-4C24-B72F-FFB444240052}
	EndGlobalSection
EndGlobal
