
Microsoft Visual Studio Solution File, Format Version 12.00
# Visual Studio Version 17
VisualStudioVersion = 17.14.37027.9 d17.14
MinimumVisualStudioVersion = 10.0.40219.1
Project("{8BC9CEB8-8B4A-11D0-8D11-00A0C91BC942}") = "pregatireTestBST1", "pregatireTestBST1\pregatireTestBST1.vcxproj", "{8379EE40-94F0-4576-A6D0-17179DE41059}"
EndProject
Global
	GlobalSection(SolutionConfigurationPlatforms) = preSolution
		Debug|x64 = Debug|x64
		Debug|x86 = Debug|x86
		Release|x64 = Release|x64
		Release|x86 = Release|x86
	EndGlobalSection
	GlobalSection(ProjectConfigurationPlatforms) = postSolution
		{8379EE40-94F0-4576-A6D0-17179DE41059}.Debug|x64.ActiveCfg = Debug|x64
		{8379EE40-94F0-4576-A6D0-17179DE41059}.Debug|x64.Build.0 = Debug|x64
		{8379EE40-94F0-4576-A6D0-17179DE41059}.Debug|x86.ActiveCfg = Debug|Win32
		{8379EE40-94F0-4576-A6D0-17179DE41059}.Debug|x86.Build.0 = Debug|Win32
		{8379EE40-94F0-4576-A6D0-17179DE41059}.Release|x64.ActiveCfg = Release|x64
		{8379EE40-94F0-4576-A6D0-17179DE41059}.Release|x64.Build.0 = Release|x64
		{8379EE40-94F0-4576-A6D0-17179DE41059}.Release|x86.ActiveCfg = Release|Win32
		{8379EE40-94F0-4576-A6D0-17179DE41059}.Release|x86.Build.0 = Release|Win32
	EndGlobalSection
	GlobalSection(SolutionProperties) = preSolution
		HideSolutionNode = FALSE
	EndGlobalSection
	GlobalSection(ExtensibilityGlobals) = postSolution
		SolutionGuid = {FC7DDF57-B7BD-4576-AC27-0928BCF2EC37}
	EndGlobalSection
EndGlobal
